
Microsoft Visual Studio Solution File, Format Version 12.00
# Visual Studio Version 17
VisualStudioVersion = 17.5.002.0
MinimumVisualStudioVersion = 10.0.40219.1
Project("{2150E333-8FDC-42A3-9474-1A3956D46DE8}") = "semana-1", "semana-1", "{488D1B98-FB2A-4E16-836B-D395E5487A9B}"
EndProject
Project("{2150E333-8FDC-42A3-9474-1A3956D46DE8}") = "pratica", "pratica", "{C15D561B-5DE9-4E77-8C83-FDFBD76DAC10}"
EndProject
Project("{9A19103F-16F7-4668-BE54-9A1E7A4F7556}") = "dotNET-P001", "semana-1\pratica\dotNET-P001\dotNET-P001.csproj", "{4E4B23E6-C9D1-4FC3-845E-5A1BB5A51E77}"
EndProject
Project("{2150E333-8FDC-42A3-9474-1A3956D46DE8}") = "aulas", "aulas", "{F9FBBC8B-43EE-4330-BCF4-DECB0298A412}"
EndProject
Project("{2150E333-8FDC-42A3-9474-1A3956D46DE8}") = "aula-09-11", "aula-09-11", "{B1A5EC40-D087-432F-801C-CCA36C9119A5}"
EndProject
Project("{9A19103F-16F7-4668-BE54-9A1E7A4F7556}") = "MeuProjeto", "semana-1\aulas\aula-09-11\MeuProjeto\MeuProjeto.csproj", "{80419241-9DD7-423C-8825-F7F1090DCFDC}"
EndProject
Project("{2150E333-8FDC-42A3-9474-1A3956D46DE8}") = "semana-2", "semana-2", "{160D626A-D764-4186-9321-B9D53198FF4A}"
EndProject
Project("{2150E333-8FDC-42A3-9474-1A3956D46DE8}") = "pratica", "pratica", "{1ACFAD17-012D-4F7A-9D78-D95E072E2C5C}"
EndProject
Project("{2150E333-8FDC-42A3-9474-1A3956D46DE8}") = "dotNET-P002", "dotNET-P002", "{E2CED8CF-B914-4D84-9FEE-E6096FB1AD0E}"
EndProject
Project("{9A19103F-16F7-4668-BE54-9A1E7A4F7556}") = "MyProject", "semana-2\pratica\dotNET-P002\MyProject\MyProject.csproj", "{4C803DFA-A74E-4DAC-B919-50D64A22B719}"
EndProject
Project("{2150E333-8FDC-42A3-9474-1A3956D46DE8}") = "aulas", "aulas", "{F880CF85-934D-4FD2-93E2-14A647A609E9}"
EndProject
Project("{2150E333-8FDC-42A3-9474-1A3956D46DE8}") = "aula-16-11", "aula-16-11", "{6277661B-BA8B-4F75-A276-B99219B4A4B7}"
EndProject
Project("{9A19103F-16F7-4668-BE54-9A1E7A4F7556}") = "Exercício 1", "semana-2\aulas\aula-16-11\exercicio-1\Exercício 1.csproj", "{2166B703-9C05-4428-A9DD-317DA8E3BFAA}"
EndProject
Project("{2150E333-8FDC-42A3-9474-1A3956D46DE8}") = "semana-3", "semana-3", "{1651F835-EEF4-4ED8-ACB0-AD1279009077}"
EndProject
Project("{2150E333-8FDC-42A3-9474-1A3956D46DE8}") = "pratica", "pratica", "{6223966B-F990-4F0E-B645-00C29336633A}"
EndProject
Project("{2150E333-8FDC-42A3-9474-1A3956D46DE8}") = "dotNET-P003", "dotNET-P003", "{BD2B948D-BD26-4A20-97F2-2F7C0E12B3DE}"
EndProject
Project("{FAE04EC0-301F-11D3-BF4B-00C04F79EFBC}") = "MyProject", "semana-3\pratica\dotNET-P003\MyProject\MyProject.csproj", "{4A253AEC-81C3-4980-83FC-9D18DCC0FB9A}"
EndProject
Project("{2150E333-8FDC-42A3-9474-1A3956D46DE8}") = "semana-4", "semana-4", "{2E031382-0179-4936-BDE5-429C29140789}"
EndProject
Project("{2150E333-8FDC-42A3-9474-1A3956D46DE8}") = "aula-30-11", "aula-30-11", "{B6619AF6-FE6F-4425-AFB5-AA01F7734877}"
EndProject
Project("{FAE04EC0-301F-11D3-BF4B-00C04F79EFBC}") = "MyProject", "semana-4\aula-30-11\MyProject\MyProject.csproj", "{DD0BA77E-724B-428E-8BB3-66F341DFFBFA}"
EndProject
Project("{2150E333-8FDC-42A3-9474-1A3956D46DE8}") = "avaliacao", "avaliacao", "{1C30945F-6587-468D-9512-2D8687F0115C}"
EndProject
Project("{FAE04EC0-301F-11D3-BF4B-00C04F79EFBC}") = "MyProject", "avaliacao\MyProject\MyProject.csproj", "{183A43B4-E6D5-497F-A69F-143FE520182A}"
EndProject
Global
	GlobalSection(SolutionConfigurationPlatforms) = preSolution
		Debug|Any CPU = Debug|Any CPU
		Release|Any CPU = Release|Any CPU
	EndGlobalSection
	GlobalSection(ProjectConfigurationPlatforms) = postSolution
		{4E4B23E6-C9D1-4FC3-845E-5A1BB5A51E77}.Debug|Any CPU.ActiveCfg = Debug|Any CPU
		{4E4B23E6-C9D1-4FC3-845E-5A1BB5A51E77}.Debug|Any CPU.Build.0 = Debug|Any CPU
		{4E4B23E6-C9D1-4FC3-845E-5A1BB5A51E77}.Release|Any CPU.ActiveCfg = Release|Any CPU
		{4E4B23E6-C9D1-4FC3-845E-5A1BB5A51E77}.Release|Any CPU.Build.0 = Release|Any CPU
		{80419241-9DD7-423C-8825-F7F1090DCFDC}.Debug|Any CPU.ActiveCfg = Debug|Any CPU
		{80419241-9DD7-423C-8825-F7F1090DCFDC}.Debug|Any CPU.Build.0 = Debug|Any CPU
		{80419241-9DD7-423C-8825-F7F1090DCFDC}.Release|Any CPU.ActiveCfg = Release|Any CPU
		{80419241-9DD7-423C-8825-F7F1090DCFDC}.Release|Any CPU.Build.0 = Release|Any CPU
		{4C803DFA-A74E-4DAC-B919-50D64A22B719}.Debug|Any CPU.ActiveCfg = Debug|Any CPU
		{4C803DFA-A74E-4DAC-B919-50D64A22B719}.Debug|Any CPU.Build.0 = Debug|Any CPU
		{4C803DFA-A74E-4DAC-B919-50D64A22B719}.Release|Any CPU.ActiveCfg = Release|Any CPU
		{4C803DFA-A74E-4DAC-B919-50D64A22B719}.Release|Any CPU.Build.0 = Release|Any CPU
		{2166B703-9C05-4428-A9DD-317DA8E3BFAA}.Debug|Any CPU.ActiveCfg = Debug|Any CPU
		{2166B703-9C05-4428-A9DD-317DA8E3BFAA}.Debug|Any CPU.Build.0 = Debug|Any CPU
		{2166B703-9C05-4428-A9DD-317DA8E3BFAA}.Release|Any CPU.ActiveCfg = Release|Any CPU
		{2166B703-9C05-4428-A9DD-317DA8E3BFAA}.Release|Any CPU.Build.0 = Release|Any CPU
		{4A253AEC-81C3-4980-83FC-9D18DCC0FB9A}.Debug|Any CPU.ActiveCfg = Debug|Any CPU
		{4A253AEC-81C3-4980-83FC-9D18DCC0FB9A}.Debug|Any CPU.Build.0 = Debug|Any CPU
		{4A253AEC-81C3-4980-83FC-9D18DCC0FB9A}.Release|Any CPU.ActiveCfg = Release|Any CPU
		{4A253AEC-81C3-4980-83FC-9D18DCC0FB9A}.Release|Any CPU.Build.0 = Release|Any CPU
		{DD0BA77E-724B-428E-8BB3-66F341DFFBFA}.Debug|Any CPU.ActiveCfg = Debug|Any CPU
		{DD0BA77E-724B-428E-8BB3-66F341DFFBFA}.Debug|Any CPU.Build.0 = Debug|Any CPU
		{DD0BA77E-724B-428E-8BB3-66F341DFFBFA}.Release|Any CPU.ActiveCfg = Release|Any CPU
		{DD0BA77E-724B-428E-8BB3-66F341DFFBFA}.Release|Any CPU.Build.0 = Release|Any CPU
		{183A43B4-E6D5-497F-A69F-143FE520182A}.Debug|Any CPU.ActiveCfg = Debug|Any CPU
		{183A43B4-E6D5-497F-A69F-143FE520182A}.Debug|Any CPU.Build.0 = Debug|Any CPU
		{183A43B4-E6D5-497F-A69F-143FE520182A}.Release|Any CPU.ActiveCfg = Release|Any CPU
		{183A43B4-E6D5-497F-A69F-143FE520182A}.Release|Any CPU.Build.0 = Release|Any CPU
	EndGlobalSection
	GlobalSection(SolutionProperties) = preSolution
		HideSolutionNode = FALSE
	EndGlobalSection
	GlobalSection(NestedProjects) = preSolution
		{C15D561B-5DE9-4E77-8C83-FDFBD76DAC10} = {488D1B98-FB2A-4E16-836B-D395E5487A9B}
		{4E4B23E6-C9D1-4FC3-845E-5A1BB5A51E77} = {C15D561B-5DE9-4E77-8C83-FDFBD76DAC10}
		{F9FBBC8B-43EE-4330-BCF4-DECB0298A412} = {488D1B98-FB2A-4E16-836B-D395E5487A9B}
		{B1A5EC40-D087-432F-801C-CCA36C9119A5} = {F9FBBC8B-43EE-4330-BCF4-DECB0298A412}
		{80419241-9DD7-423C-8825-F7F1090DCFDC} = {B1A5EC40-D087-432F-801C-CCA36C9119A5}
		{1ACFAD17-012D-4F7A-9D78-D95E072E2C5C} = {160D626A-D764-4186-9321-B9D53198FF4A}
		{E2CED8CF-B914-4D84-9FEE-E6096FB1AD0E} = {1ACFAD17-012D-4F7A-9D78-D95E072E2C5C}
		{4C803DFA-A74E-4DAC-B919-50D64A22B719} = {E2CED8CF-B914-4D84-9FEE-E6096FB1AD0E}
		{F880CF85-934D-4FD2-93E2-14A647A609E9} = {160D626A-D764-4186-9321-B9D53198FF4A}
		{6277661B-BA8B-4F75-A276-B99219B4A4B7} = {F880CF85-934D-4FD2-93E2-14A647A609E9}
		{2166B703-9C05-4428-A9DD-317DA8E3BFAA} = {6277661B-BA8B-4F75-A276-B99219B4A4B7}
		{6223966B-F990-4F0E-B645-00C29336633A} = {1651F835-EEF4-4ED8-ACB0-AD1279009077}
		{BD2B948D-BD26-4A20-97F2-2F7C0E12B3DE} = {6223966B-F990-4F0E-B645-00C29336633A}
		{4A253AEC-81C3-4980-83FC-9D18DCC0FB9A} = {BD2B948D-BD26-4A20-97F2-2F7C0E12B3DE}
		{B6619AF6-FE6F-4425-AFB5-AA01F7734877} = {2E031382-0179-4936-BDE5-429C29140789}
		{DD0BA77E-724B-428E-8BB3-66F341DFFBFA} = {B6619AF6-FE6F-4425-AFB5-AA01F7734877}
		{183A43B4-E6D5-497F-A69F-143FE520182A} = {1C30945F-6587-468D-9512-2D8687F0115C}
	EndGlobalSection
	GlobalSection(ExtensibilityGlobals) = postSolution
		SolutionGuid = {F200027D-2D86-41C3-AA36-7A66ADF0FCF7}
	EndGlobalSection
EndGlobal
