
Microsoft Visual Studio Solution File, Format Version 12.00
# Visual Studio Version 17
VisualStudioVersion = 17.5.002.0
MinimumVisualStudioVersion = 10.0.40219.1
Project("{2150E333-8FDC-42A3-9474-1A3956D46DE8}") = "avaliacao", "avaliacao", "{69AFE503-A475-4674-957E-647CD313E4D2}"
EndProject
Project("{9A19103F-16F7-4668-BE54-9A1E7A4F7556}") = "MyProject", "avaliacao\MyProject\MyProject.csproj", "{CCCF8536-1C4F-493F-A560-EE97D417CC38}"
EndProject
Project("{2150E333-8FDC-42A3-9474-1A3956D46DE8}") = "avaliacao-grupo", "avaliacao-grupo", "{A10F4FFA-36DC-46B5-B5D7-90D9F1260D9F}"
EndProject
Project("{9A19103F-16F7-4668-BE54-9A1E7A4F7556}") = "MyProject", "avaliacao-grupo\MyProject\MyProject.csproj", "{B5C1BC6E-AECA-4F0C-AC18-8D4ADDC065A1}"
EndProject
Project("{2150E333-8FDC-42A3-9474-1A3956D46DE8}") = "semana-4", "semana-4", "{35890D2F-76D3-41C5-BB58-EDF25EE3DFE7}"
EndProject
Project("{2150E333-8FDC-42A3-9474-1A3956D46DE8}") = "aula-30-11", "aula-30-11", "{8625B66D-8233-4B81-A694-B36F077F19E6}"
EndProject
Project("{9A19103F-16F7-4668-BE54-9A1E7A4F7556}") = "MyProject", "semana-4\aula-30-11\MyProject\MyProject.csproj", "{D5140307-70AD-4BAA-A266-5EF0339E42C8}"
EndProject
Project("{2150E333-8FDC-42A3-9474-1A3956D46DE8}") = "semana-1", "semana-1", "{5D026D79-0477-41F7-A4BA-BA367CCF66C2}"
EndProject
Project("{2150E333-8FDC-42A3-9474-1A3956D46DE8}") = "pratica", "pratica", "{F048D2F4-AABF-4242-82C2-F7978C15B139}"
EndProject
Project("{9A19103F-16F7-4668-BE54-9A1E7A4F7556}") = "dotNET-P001", "semana-1\pratica\dotNET-P001\dotNET-P001.csproj", "{3BD7F130-ED0E-48E1-987B-1B5D83E9C1C5}"
EndProject
Project("{2150E333-8FDC-42A3-9474-1A3956D46DE8}") = "semana-3", "semana-3", "{7214858D-70A1-4CC6-8B29-FDBE06709EBB}"
EndProject
Project("{2150E333-8FDC-42A3-9474-1A3956D46DE8}") = "pratica", "pratica", "{D716AEB2-224C-446A-B35B-E9665600036A}"
EndProject
Project("{2150E333-8FDC-42A3-9474-1A3956D46DE8}") = "dotNET-P003", "dotNET-P003", "{73210113-8AAF-47F5-9F58-33F7AE92E7D2}"
EndProject
Project("{9A19103F-16F7-4668-BE54-9A1E7A4F7556}") = "MyProject", "semana-3\pratica\dotNET-P003\MyProject\MyProject.csproj", "{6E13CFFD-9A0E-4F04-BF54-A45157ABFFDC}"
EndProject
Project("{2150E333-8FDC-42A3-9474-1A3956D46DE8}") = "aulas", "aulas", "{643008E6-E967-455E-A524-3B406D6A391A}"
EndProject
Project("{2150E333-8FDC-42A3-9474-1A3956D46DE8}") = "aula-09-11", "aula-09-11", "{77B9B890-6A22-4BE3-8A3D-E5D2FECF6CCE}"
EndProject
Project("{9A19103F-16F7-4668-BE54-9A1E7A4F7556}") = "MeuProjeto", "semana-1\aulas\aula-09-11\MeuProjeto\MeuProjeto.csproj", "{1019611E-9FE4-476B-8CB7-49CCDC34A04A}"
EndProject
Project("{2150E333-8FDC-42A3-9474-1A3956D46DE8}") = "semana-2", "semana-2", "{EE97BA63-C992-4F8D-8F2C-E170813B0FF9}"
EndProject
Project("{2150E333-8FDC-42A3-9474-1A3956D46DE8}") = "pratica", "pratica", "{BD247222-9C25-4BCC-ADDA-115B04C7F1DF}"
EndProject
Project("{2150E333-8FDC-42A3-9474-1A3956D46DE8}") = "dotNET-P002", "dotNET-P002", "{1DB40DB2-500F-489F-9498-A1B092E3E1F8}"
EndProject
Project("{9A19103F-16F7-4668-BE54-9A1E7A4F7556}") = "MyProject", "semana-2\pratica\dotNET-P002\MyProject\MyProject.csproj", "{22DEAD61-8F9B-40C6-A734-590C4473DD9D}"
EndProject
Project("{2150E333-8FDC-42A3-9474-1A3956D46DE8}") = "aulas", "aulas", "{272762DB-6082-4389-86C9-543AA8F04EA2}"
EndProject
Project("{2150E333-8FDC-42A3-9474-1A3956D46DE8}") = "aula-16-11", "aula-16-11", "{9F5BE0C8-83A9-4676-8C59-8A105BBB1D55}"
EndProject
Project("{9A19103F-16F7-4668-BE54-9A1E7A4F7556}") = "Exercício 1", "semana-2\aulas\aula-16-11\exercicio-1\Exercício 1.csproj", "{61A62F9E-ACAC-429E-BE27-34F6ABB6B3A9}"
EndProject
Global
	GlobalSection(SolutionConfigurationPlatforms) = preSolution
		Debug|Any CPU = Debug|Any CPU
		Release|Any CPU = Release|Any CPU
	EndGlobalSection
	GlobalSection(ProjectConfigurationPlatforms) = postSolution
		{CCCF8536-1C4F-493F-A560-EE97D417CC38}.Debug|Any CPU.ActiveCfg = Debug|Any CPU
		{CCCF8536-1C4F-493F-A560-EE97D417CC38}.Debug|Any CPU.Build.0 = Debug|Any CPU
		{CCCF8536-1C4F-493F-A560-EE97D417CC38}.Release|Any CPU.ActiveCfg = Release|Any CPU
		{CCCF8536-1C4F-493F-A560-EE97D417CC38}.Release|Any CPU.Build.0 = Release|Any CPU
		{B5C1BC6E-AECA-4F0C-AC18-8D4ADDC065A1}.Debug|Any CPU.ActiveCfg = Debug|Any CPU
		{B5C1BC6E-AECA-4F0C-AC18-8D4ADDC065A1}.Debug|Any CPU.Build.0 = Debug|Any CPU
		{B5C1BC6E-AECA-4F0C-AC18-8D4ADDC065A1}.Release|Any CPU.ActiveCfg = Release|Any CPU
		{B5C1BC6E-AECA-4F0C-AC18-8D4ADDC065A1}.Release|Any CPU.Build.0 = Release|Any CPU
		{D5140307-70AD-4BAA-A266-5EF0339E42C8}.Debug|Any CPU.ActiveCfg = Debug|Any CPU
		{D5140307-70AD-4BAA-A266-5EF0339E42C8}.Debug|Any CPU.Build.0 = Debug|Any CPU
		{D5140307-70AD-4BAA-A266-5EF0339E42C8}.Release|Any CPU.ActiveCfg = Release|Any CPU
		{D5140307-70AD-4BAA-A266-5EF0339E42C8}.Release|Any CPU.Build.0 = Release|Any CPU
		{3BD7F130-ED0E-48E1-987B-1B5D83E9C1C5}.Debug|Any CPU.ActiveCfg = Debug|Any CPU
		{3BD7F130-ED0E-48E1-987B-1B5D83E9C1C5}.Debug|Any CPU.Build.0 = Debug|Any CPU
		{3BD7F130-ED0E-48E1-987B-1B5D83E9C1C5}.Release|Any CPU.ActiveCfg = Release|Any CPU
		{3BD7F130-ED0E-48E1-987B-1B5D83E9C1C5}.Release|Any CPU.Build.0 = Release|Any CPU
		{6E13CFFD-9A0E-4F04-BF54-A45157ABFFDC}.Debug|Any CPU.ActiveCfg = Debug|Any CPU
		{6E13CFFD-9A0E-4F04-BF54-A45157ABFFDC}.Debug|Any CPU.Build.0 = Debug|Any CPU
		{6E13CFFD-9A0E-4F04-BF54-A45157ABFFDC}.Release|Any CPU.ActiveCfg = Release|Any CPU
		{6E13CFFD-9A0E-4F04-BF54-A45157ABFFDC}.Release|Any CPU.Build.0 = Release|Any CPU
		{1019611E-9FE4-476B-8CB7-49CCDC34A04A}.Debug|Any CPU.ActiveCfg = Debug|Any CPU
		{1019611E-9FE4-476B-8CB7-49CCDC34A04A}.Debug|Any CPU.Build.0 = Debug|Any CPU
		{1019611E-9FE4-476B-8CB7-49CCDC34A04A}.Release|Any CPU.ActiveCfg = Release|Any CPU
		{1019611E-9FE4-476B-8CB7-49CCDC34A04A}.Release|Any CPU.Build.0 = Release|Any CPU
		{22DEAD61-8F9B-40C6-A734-590C4473DD9D}.Debug|Any CPU.ActiveCfg = Debug|Any CPU
		{22DEAD61-8F9B-40C6-A734-590C4473DD9D}.Debug|Any CPU.Build.0 = Debug|Any CPU
		{22DEAD61-8F9B-40C6-A734-590C4473DD9D}.Release|Any CPU.ActiveCfg = Release|Any CPU
		{22DEAD61-8F9B-40C6-A734-590C4473DD9D}.Release|Any CPU.Build.0 = Release|Any CPU
		{61A62F9E-ACAC-429E-BE27-34F6ABB6B3A9}.Debug|Any CPU.ActiveCfg = Debug|Any CPU
		{61A62F9E-ACAC-429E-BE27-34F6ABB6B3A9}.Debug|Any CPU.Build.0 = Debug|Any CPU
		{61A62F9E-ACAC-429E-BE27-34F6ABB6B3A9}.Release|Any CPU.ActiveCfg = Release|Any CPU
		{61A62F9E-ACAC-429E-BE27-34F6ABB6B3A9}.Release|Any CPU.Build.0 = Release|Any CPU
	EndGlobalSection
	GlobalSection(SolutionProperties) = preSolution
		HideSolutionNode = FALSE
	EndGlobalSection
	GlobalSection(NestedProjects) = preSolution
		{CCCF8536-1C4F-493F-A560-EE97D417CC38} = {69AFE503-A475-4674-957E-647CD313E4D2}
		{B5C1BC6E-AECA-4F0C-AC18-8D4ADDC065A1} = {A10F4FFA-36DC-46B5-B5D7-90D9F1260D9F}
		{8625B66D-8233-4B81-A694-B36F077F19E6} = {35890D2F-76D3-41C5-BB58-EDF25EE3DFE7}
		{D5140307-70AD-4BAA-A266-5EF0339E42C8} = {8625B66D-8233-4B81-A694-B36F077F19E6}
		{F048D2F4-AABF-4242-82C2-F7978C15B139} = {5D026D79-0477-41F7-A4BA-BA367CCF66C2}
		{3BD7F130-ED0E-48E1-987B-1B5D83E9C1C5} = {F048D2F4-AABF-4242-82C2-F7978C15B139}
		{D716AEB2-224C-446A-B35B-E9665600036A} = {7214858D-70A1-4CC6-8B29-FDBE06709EBB}
		{73210113-8AAF-47F5-9F58-33F7AE92E7D2} = {D716AEB2-224C-446A-B35B-E9665600036A}
		{6E13CFFD-9A0E-4F04-BF54-A45157ABFFDC} = {73210113-8AAF-47F5-9F58-33F7AE92E7D2}
		{643008E6-E967-455E-A524-3B406D6A391A} = {5D026D79-0477-41F7-A4BA-BA367CCF66C2}
		{77B9B890-6A22-4BE3-8A3D-E5D2FECF6CCE} = {643008E6-E967-455E-A524-3B406D6A391A}
		{1019611E-9FE4-476B-8CB7-49CCDC34A04A} = {77B9B890-6A22-4BE3-8A3D-E5D2FECF6CCE}
		{BD247222-9C25-4BCC-ADDA-115B04C7F1DF} = {EE97BA63-C992-4F8D-8F2C-E170813B0FF9}
		{1DB40DB2-500F-489F-9498-A1B092E3E1F8} = {BD247222-9C25-4BCC-ADDA-115B04C7F1DF}
		{22DEAD61-8F9B-40C6-A734-590C4473DD9D} = {1DB40DB2-500F-489F-9498-A1B092E3E1F8}
		{272762DB-6082-4389-86C9-543AA8F04EA2} = {EE97BA63-C992-4F8D-8F2C-E170813B0FF9}
		{9F5BE0C8-83A9-4676-8C59-8A105BBB1D55} = {272762DB-6082-4389-86C9-543AA8F04EA2}
		{61A62F9E-ACAC-429E-BE27-34F6ABB6B3A9} = {9F5BE0C8-83A9-4676-8C59-8A105BBB1D55}
	EndGlobalSection
	GlobalSection(ExtensibilityGlobals) = postSolution
		SolutionGuid = {654991B5-CD6F-48ED-8F50-7128EE6D0F87}
	EndGlobalSection
EndGlobal
